
Microsoft Visual Studio Solution File, Format Version 12.00
# Visual Studio Version 17
VisualStudioVersion = 17.4.33103.184
MinimumVisualStudioVersion = 10.0.40219.1
Project("{FAE04EC0-301F-11D3-BF4B-00C04F79EFBC}") = "NorthwindEFTest", "NorthwindEFTest\NorthwindEFTest.csproj", "{B7A00B08-AEF4-4D70-9597-B7356A631376}"
EndProject
Global
	GlobalSection(SolutionConfigurationPlatforms) = preSolution
		Debug|Any CPU = Debug|Any CPU
		Release|Any CPU = Release|Any CPU
	EndGlobalSection
	GlobalSection(ProjectConfigurationPlatforms) = postSolution
		{B7A00B08-AEF4-4D70-9597-B7356A631376}.Debug|Any CPU.ActiveCfg = Debug|Any CPU
		{B7A00B08-AEF4-4D70-9597-B7356A631376}.Debug|Any CPU.Build.0 = Debug|Any CPU
		{B7A00B08-AEF4-4D70-9597-B7356A631376}.Release|Any CPU.ActiveCfg = Release|Any CPU
		{B7A00B08-AEF4-4D70-9597-B7356A631376}.Release|Any CPU.Build.0 = Release|Any CPU
	EndGlobalSection
	GlobalSection(SolutionProperties) = preSolution
		HideSolutionNode = FALSE
	EndGlobalSection
	GlobalSection(ExtensibilityGlobals) = postSolution
		SolutionGuid = {1ECF7E58-7602-4C0A-BB28-2238282626A9}
	EndGlobalSection
EndGlobal
